// !$*UTF8*$!
{
	archiveVersion = 1;
	classes = {
	};
	objectVersion = 55;
	objects = {

/* Begin PBXBuildFile section */
		2B2F094C2882D9560013E438 /* TabBarView.swift in Sources */ = {isa = PBXBuildFile; fileRef = 2B2F094B2882D9560013E438 /* TabBarView.swift */; };
		2B2F094E288417EC0013E438 /* AppTabBarView.swift in Sources */ = {isa = PBXBuildFile; fileRef = 2B2F094D288417EC0013E438 /* AppTabBarView.swift */; };
		2B2F095128841B670013E438 /* TabBarItem.swift in Sources */ = {isa = PBXBuildFile; fileRef = 2B2F095028841B670013E438 /* TabBarItem.swift */; };
		2B2F095328842DBB0013E438 /* AppTabBarContainerView.swift in Sources */ = {isa = PBXBuildFile; fileRef = 2B2F095228842DBB0013E438 /* AppTabBarContainerView.swift */; };
		2B2F09552884309F0013E438 /* TabBarItemsPreferenceKey.swift in Sources */ = {isa = PBXBuildFile; fileRef = 2B2F09542884309F0013E438 /* TabBarItemsPreferenceKey.swift */; };
		2B2F0958288446400013E438 /* ApiConstants.swift in Sources */ = {isa = PBXBuildFile; fileRef = 2B2F0957288446400013E438 /* ApiConstants.swift */; };
		2B5C692C288052E500593690 /* WeatherRowView.swift in Sources */ = {isa = PBXBuildFile; fileRef = 2B5C692B288052E500593690 /* WeatherRowView.swift */; };
		2BC5B4E8287DF061003BC4E2 /* LeBaluchonApp.swift in Sources */ = {isa = PBXBuildFile; fileRef = 2BC5B4E7287DF061003BC4E2 /* LeBaluchonApp.swift */; };
		2BC5B4EA287DF061003BC4E2 /* WeatherView.swift in Sources */ = {isa = PBXBuildFile; fileRef = 2BC5B4E9287DF061003BC4E2 /* WeatherView.swift */; };
		2BC5B4EC287DF064003BC4E2 /* Assets.xcassets in Resources */ = {isa = PBXBuildFile; fileRef = 2BC5B4EB287DF064003BC4E2 /* Assets.xcassets */; };
		2BC5B4EF287DF064003BC4E2 /* Preview Assets.xcassets in Resources */ = {isa = PBXBuildFile; fileRef = 2BC5B4EE287DF064003BC4E2 /* Preview Assets.xcassets */; };
		2BC5B4F9287DF064003BC4E2 /* LeBaluchonTests.swift in Sources */ = {isa = PBXBuildFile; fileRef = 2BC5B4F8287DF064003BC4E2 /* LeBaluchonTests.swift */; };
		2BC5B503287DF064003BC4E2 /* LeBaluchonUITests.swift in Sources */ = {isa = PBXBuildFile; fileRef = 2BC5B502287DF064003BC4E2 /* LeBaluchonUITests.swift */; };
		2BC5B505287DF064003BC4E2 /* LeBaluchonUITestsLaunchTests.swift in Sources */ = {isa = PBXBuildFile; fileRef = 2BC5B504287DF064003BC4E2 /* LeBaluchonUITestsLaunchTests.swift */; };
		2BC5B51E287E0190003BC4E2 /* Weather.swift in Sources */ = {isa = PBXBuildFile; fileRef = 2BC5B51D287E0190003BC4E2 /* Weather.swift */; };
		2BC5B51F287E0190003BC4E2 /* Weather.swift in Sources */ = {isa = PBXBuildFile; fileRef = 2BC5B51D287E0190003BC4E2 /* Weather.swift */; };
		2BC5B521287E05F9003BC4E2 /* WeatherViewModel.swift in Sources */ = {isa = PBXBuildFile; fileRef = 2BC5B520287E05F9003BC4E2 /* WeatherViewModel.swift */; };
		2BC5B522287E05F9003BC4E2 /* WeatherViewModel.swift in Sources */ = {isa = PBXBuildFile; fileRef = 2BC5B520287E05F9003BC4E2 /* WeatherViewModel.swift */; };
/* End PBXBuildFile section */

/* Begin PBXContainerItemProxy section */
		2BC5B4F5287DF064003BC4E2 /* PBXContainerItemProxy */ = {
			isa = PBXContainerItemProxy;
			containerPortal = 2BC5B4DC287DF061003BC4E2 /* Project object */;
			proxyType = 1;
			remoteGlobalIDString = 2BC5B4E3287DF061003BC4E2;
			remoteInfo = LeBaluchon;
		};
		2BC5B4FF287DF064003BC4E2 /* PBXContainerItemProxy */ = {
			isa = PBXContainerItemProxy;
			containerPortal = 2BC5B4DC287DF061003BC4E2 /* Project object */;
			proxyType = 1;
			remoteGlobalIDString = 2BC5B4E3287DF061003BC4E2;
			remoteInfo = LeBaluchon;
		};
/* End PBXContainerItemProxy section */

/* Begin PBXFileReference section */
		2B2F094B2882D9560013E438 /* TabBarView.swift */ = {isa = PBXFileReference; lastKnownFileType = sourcecode.swift; path = TabBarView.swift; sourceTree = "<group>"; };
		2B2F094D288417EC0013E438 /* AppTabBarView.swift */ = {isa = PBXFileReference; lastKnownFileType = sourcecode.swift; path = AppTabBarView.swift; sourceTree = "<group>"; };
		2B2F095028841B670013E438 /* TabBarItem.swift */ = {isa = PBXFileReference; lastKnownFileType = sourcecode.swift; path = TabBarItem.swift; sourceTree = "<group>"; };
		2B2F095228842DBB0013E438 /* AppTabBarContainerView.swift */ = {isa = PBXFileReference; lastKnownFileType = sourcecode.swift; path = AppTabBarContainerView.swift; sourceTree = "<group>"; };
		2B2F09542884309F0013E438 /* TabBarItemsPreferenceKey.swift */ = {isa = PBXFileReference; lastKnownFileType = sourcecode.swift; path = TabBarItemsPreferenceKey.swift; sourceTree = "<group>"; };
		2B2F0957288446400013E438 /* ApiConstants.swift */ = {isa = PBXFileReference; lastKnownFileType = sourcecode.swift; path = ApiConstants.swift; sourceTree = "<group>"; };
		2B5C692B288052E500593690 /* WeatherRowView.swift */ = {isa = PBXFileReference; lastKnownFileType = sourcecode.swift; path = WeatherRowView.swift; sourceTree = "<group>"; };
		2BC5B4E4287DF061003BC4E2 /* LeBaluchon.app */ = {isa = PBXFileReference; explicitFileType = wrapper.application; includeInIndex = 0; path = LeBaluchon.app; sourceTree = BUILT_PRODUCTS_DIR; };
		2BC5B4E7287DF061003BC4E2 /* LeBaluchonApp.swift */ = {isa = PBXFileReference; lastKnownFileType = sourcecode.swift; path = LeBaluchonApp.swift; sourceTree = "<group>"; };
		2BC5B4E9287DF061003BC4E2 /* WeatherView.swift */ = {isa = PBXFileReference; lastKnownFileType = sourcecode.swift; path = WeatherView.swift; sourceTree = "<group>"; };
		2BC5B4EB287DF064003BC4E2 /* Assets.xcassets */ = {isa = PBXFileReference; lastKnownFileType = folder.assetcatalog; path = Assets.xcassets; sourceTree = "<group>"; };
		2BC5B4EE287DF064003BC4E2 /* Preview Assets.xcassets */ = {isa = PBXFileReference; lastKnownFileType = folder.assetcatalog; path = "Preview Assets.xcassets"; sourceTree = "<group>"; };
		2BC5B4F4287DF064003BC4E2 /* LeBaluchonTests.xctest */ = {isa = PBXFileReference; explicitFileType = wrapper.cfbundle; includeInIndex = 0; path = LeBaluchonTests.xctest; sourceTree = BUILT_PRODUCTS_DIR; };
		2BC5B4F8287DF064003BC4E2 /* LeBaluchonTests.swift */ = {isa = PBXFileReference; lastKnownFileType = sourcecode.swift; path = LeBaluchonTests.swift; sourceTree = "<group>"; };
		2BC5B4FE287DF064003BC4E2 /* LeBaluchonUITests.xctest */ = {isa = PBXFileReference; explicitFileType = wrapper.cfbundle; includeInIndex = 0; path = LeBaluchonUITests.xctest; sourceTree = BUILT_PRODUCTS_DIR; };
		2BC5B502287DF064003BC4E2 /* LeBaluchonUITests.swift */ = {isa = PBXFileReference; lastKnownFileType = sourcecode.swift; path = LeBaluchonUITests.swift; sourceTree = "<group>"; };
		2BC5B504287DF064003BC4E2 /* LeBaluchonUITestsLaunchTests.swift */ = {isa = PBXFileReference; lastKnownFileType = sourcecode.swift; path = LeBaluchonUITestsLaunchTests.swift; sourceTree = "<group>"; };
		2BC5B51D287E0190003BC4E2 /* Weather.swift */ = {isa = PBXFileReference; lastKnownFileType = sourcecode.swift; path = Weather.swift; sourceTree = "<group>"; };
		2BC5B520287E05F9003BC4E2 /* WeatherViewModel.swift */ = {isa = PBXFileReference; lastKnownFileType = sourcecode.swift; path = WeatherViewModel.swift; sourceTree = "<group>"; };
/* End PBXFileReference section */

/* Begin PBXFrameworksBuildPhase section */
		2BC5B4E1287DF061003BC4E2 /* Frameworks */ = {
			isa = PBXFrameworksBuildPhase;
			buildActionMask = 2147483647;
			files = (
			);
			runOnlyForDeploymentPostprocessing = 0;
		};
		2BC5B4F1287DF064003BC4E2 /* Frameworks */ = {
			isa = PBXFrameworksBuildPhase;
			buildActionMask = 2147483647;
			files = (
			);
			runOnlyForDeploymentPostprocessing = 0;
		};
		2BC5B4FB287DF064003BC4E2 /* Frameworks */ = {
			isa = PBXFrameworksBuildPhase;
			buildActionMask = 2147483647;
			files = (
			);
			runOnlyForDeploymentPostprocessing = 0;
		};
/* End PBXFrameworksBuildPhase section */

/* Begin PBXGroup section */
		2B2F094A2882D9440013E438 /* TabBar */ = {
			isa = PBXGroup;
			children = (
				2B2F094B2882D9560013E438 /* TabBarView.swift */,
				2B2F094D288417EC0013E438 /* AppTabBarView.swift */,
				2B2F095228842DBB0013E438 /* AppTabBarContainerView.swift */,
			);
			path = TabBar;
			sourceTree = "<group>";
		};
		2B2F094F28841B570013E438 /* TabBar */ = {
			isa = PBXGroup;
			children = (
				2B2F095028841B670013E438 /* TabBarItem.swift */,
			);
			path = TabBar;
			sourceTree = "<group>";
		};
		2B2F0956288432890013E438 /* Utilities */ = {
			isa = PBXGroup;
			children = (
				2B2F09542884309F0013E438 /* TabBarItemsPreferenceKey.swift */,
				2B2F0957288446400013E438 /* ApiConstants.swift */,
			);
			path = Utilities;
			sourceTree = "<group>";
		};
		2BC5B4DB287DF061003BC4E2 = {
			isa = PBXGroup;
			children = (
				2BC5B4E6287DF061003BC4E2 /* LeBaluchon */,
				2BC5B4F7287DF064003BC4E2 /* LeBaluchonTests */,
				2BC5B501287DF064003BC4E2 /* LeBaluchonUITests */,
				2BC5B4E5287DF061003BC4E2 /* Products */,
			);
			sourceTree = "<group>";
		};
		2BC5B4E5287DF061003BC4E2 /* Products */ = {
			isa = PBXGroup;
			children = (
				2BC5B4E4287DF061003BC4E2 /* LeBaluchon.app */,
				2BC5B4F4287DF064003BC4E2 /* LeBaluchonTests.xctest */,
				2BC5B4FE287DF064003BC4E2 /* LeBaluchonUITests.xctest */,
			);
			name = Products;
			sourceTree = "<group>";
		};
		2BC5B4E6287DF061003BC4E2 /* LeBaluchon */ = {
			isa = PBXGroup;
			children = (
				2B2F0956288432890013E438 /* Utilities */,
				2BC5B516287DF2C6003BC4E2 /* Models */,
				2BC5B511287DF1AF003BC4E2 /* Views */,
				2BC5B515287DF2BA003BC4E2 /* ViewModels */,
				2BC5B4E7287DF061003BC4E2 /* LeBaluchonApp.swift */,
				2BC5B4EB287DF064003BC4E2 /* Assets.xcassets */,
				2BC5B4ED287DF064003BC4E2 /* Preview Content */,
			);
			path = LeBaluchon;
			sourceTree = "<group>";
		};
		2BC5B4ED287DF064003BC4E2 /* Preview Content */ = {
			isa = PBXGroup;
			children = (
				2BC5B4EE287DF064003BC4E2 /* Preview Assets.xcassets */,
			);
			path = "Preview Content";
			sourceTree = "<group>";
		};
		2BC5B4F7287DF064003BC4E2 /* LeBaluchonTests */ = {
			isa = PBXGroup;
			children = (
				2BC5B4F8287DF064003BC4E2 /* LeBaluchonTests.swift */,
			);
			path = LeBaluchonTests;
			sourceTree = "<group>";
		};
		2BC5B501287DF064003BC4E2 /* LeBaluchonUITests */ = {
			isa = PBXGroup;
			children = (
				2BC5B502287DF064003BC4E2 /* LeBaluchonUITests.swift */,
				2BC5B504287DF064003BC4E2 /* LeBaluchonUITestsLaunchTests.swift */,
			);
			path = LeBaluchonUITests;
			sourceTree = "<group>";
		};
		2BC5B511287DF1AF003BC4E2 /* Views */ = {
			isa = PBXGroup;
			children = (
				2B2F094A2882D9440013E438 /* TabBar */,
				2BC5B514287DF1C5003BC4E2 /* Weather */,
				2BC5B513287DF1BC003BC4E2 /* Translation */,
				2BC5B512287DF1B4003BC4E2 /* Currency */,
			);
			path = Views;
			sourceTree = "<group>";
		};
		2BC5B512287DF1B4003BC4E2 /* Currency */ = {
			isa = PBXGroup;
			children = (
			);
			path = Currency;
			sourceTree = "<group>";
		};
		2BC5B513287DF1BC003BC4E2 /* Translation */ = {
			isa = PBXGroup;
			children = (
			);
			path = Translation;
			sourceTree = "<group>";
		};
		2BC5B514287DF1C5003BC4E2 /* Weather */ = {
			isa = PBXGroup;
			children = (
				2BC5B4E9287DF061003BC4E2 /* WeatherView.swift */,
				2B5C692B288052E500593690 /* WeatherRowView.swift */,
			);
			path = Weather;
			sourceTree = "<group>";
		};
		2BC5B515287DF2BA003BC4E2 /* ViewModels */ = {
			isa = PBXGroup;
			children = (
				2BC5B51C287DF317003BC4E2 /* Currency */,
				2BC5B51B287DF310003BC4E2 /* Translation */,
				2BC5B51A287DF309003BC4E2 /* Weather */,
			);
			path = ViewModels;
			sourceTree = "<group>";
		};
		2BC5B516287DF2C6003BC4E2 /* Models */ = {
			isa = PBXGroup;
			children = (
				2B2F094F28841B570013E438 /* TabBar */,
				2BC5B519287DF2F7003BC4E2 /* Currency */,
				2BC5B518287DF2EE003BC4E2 /* Translation */,
				2BC5B517287DF2E8003BC4E2 /* Weather */,
			);
			path = Models;
			sourceTree = "<group>";
		};
		2BC5B517287DF2E8003BC4E2 /* Weather */ = {
			isa = PBXGroup;
			children = (
				2BC5B51D287E0190003BC4E2 /* Weather.swift */,
			);
			path = Weather;
			sourceTree = "<group>";
		};
		2BC5B518287DF2EE003BC4E2 /* Translation */ = {
			isa = PBXGroup;
			children = (
			);
			path = Translation;
			sourceTree = "<group>";
		};
		2BC5B519287DF2F7003BC4E2 /* Currency */ = {
			isa = PBXGroup;
			children = (
			);
			path = Currency;
			sourceTree = "<group>";
		};
		2BC5B51A287DF309003BC4E2 /* Weather */ = {
			isa = PBXGroup;
			children = (
				2BC5B520287E05F9003BC4E2 /* WeatherViewModel.swift */,
			);
			path = Weather;
			sourceTree = "<group>";
		};
		2BC5B51B287DF310003BC4E2 /* Translation */ = {
			isa = PBXGroup;
			children = (
			);
			path = Translation;
			sourceTree = "<group>";
		};
		2BC5B51C287DF317003BC4E2 /* Currency */ = {
			isa = PBXGroup;
			children = (
			);
			path = Currency;
			sourceTree = "<group>";
		};
/* End PBXGroup section */

/* Begin PBXNativeTarget section */
		2BC5B4E3287DF061003BC4E2 /* LeBaluchon */ = {
			isa = PBXNativeTarget;
			buildConfigurationList = 2BC5B508287DF064003BC4E2 /* Build configuration list for PBXNativeTarget "LeBaluchon" */;
			buildPhases = (
				2BC5B4E0287DF061003BC4E2 /* Sources */,
				2BC5B4E1287DF061003BC4E2 /* Frameworks */,
				2BC5B4E2287DF061003BC4E2 /* Resources */,
			);
			buildRules = (
			);
			dependencies = (
			);
			name = LeBaluchon;
			productName = LeBaluchon;
			productReference = 2BC5B4E4287DF061003BC4E2 /* LeBaluchon.app */;
			productType = "com.apple.product-type.application";
		};
		2BC5B4F3287DF064003BC4E2 /* LeBaluchonTests */ = {
			isa = PBXNativeTarget;
			buildConfigurationList = 2BC5B50B287DF064003BC4E2 /* Build configuration list for PBXNativeTarget "LeBaluchonTests" */;
			buildPhases = (
				2BC5B4F0287DF064003BC4E2 /* Sources */,
				2BC5B4F1287DF064003BC4E2 /* Frameworks */,
				2BC5B4F2287DF064003BC4E2 /* Resources */,
			);
			buildRules = (
			);
			dependencies = (
				2BC5B4F6287DF064003BC4E2 /* PBXTargetDependency */,
			);
			name = LeBaluchonTests;
			productName = LeBaluchonTests;
			productReference = 2BC5B4F4287DF064003BC4E2 /* LeBaluchonTests.xctest */;
			productType = "com.apple.product-type.bundle.unit-test";
		};
		2BC5B4FD287DF064003BC4E2 /* LeBaluchonUITests */ = {
			isa = PBXNativeTarget;
			buildConfigurationList = 2BC5B50E287DF064003BC4E2 /* Build configuration list for PBXNativeTarget "LeBaluchonUITests" */;
			buildPhases = (
				2BC5B4FA287DF064003BC4E2 /* Sources */,
				2BC5B4FB287DF064003BC4E2 /* Frameworks */,
				2BC5B4FC287DF064003BC4E2 /* Resources */,
			);
			buildRules = (
			);
			dependencies = (
				2BC5B500287DF064003BC4E2 /* PBXTargetDependency */,
			);
			name = LeBaluchonUITests;
			productName = LeBaluchonUITests;
			productReference = 2BC5B4FE287DF064003BC4E2 /* LeBaluchonUITests.xctest */;
			productType = "com.apple.product-type.bundle.ui-testing";
		};
/* End PBXNativeTarget section */

/* Begin PBXProject section */
		2BC5B4DC287DF061003BC4E2 /* Project object */ = {
			isa = PBXProject;
			attributes = {
				BuildIndependentTargetsInParallel = 1;
				LastSwiftUpdateCheck = 1340;
				LastUpgradeCheck = 1340;
				TargetAttributes = {
					2BC5B4E3287DF061003BC4E2 = {
						CreatedOnToolsVersion = 13.4.1;
					};
					2BC5B4F3287DF064003BC4E2 = {
						CreatedOnToolsVersion = 13.4.1;
						TestTargetID = 2BC5B4E3287DF061003BC4E2;
					};
					2BC5B4FD287DF064003BC4E2 = {
						CreatedOnToolsVersion = 13.4.1;
						TestTargetID = 2BC5B4E3287DF061003BC4E2;
					};
				};
			};
			buildConfigurationList = 2BC5B4DF287DF061003BC4E2 /* Build configuration list for PBXProject "LeBaluchon" */;
			compatibilityVersion = "Xcode 13.0";
			developmentRegion = en;
			hasScannedForEncodings = 0;
			knownRegions = (
				en,
				Base,
			);
			mainGroup = 2BC5B4DB287DF061003BC4E2;
			productRefGroup = 2BC5B4E5287DF061003BC4E2 /* Products */;
			projectDirPath = "";
			projectRoot = "";
			targets = (
				2BC5B4E3287DF061003BC4E2 /* LeBaluchon */,
				2BC5B4F3287DF064003BC4E2 /* LeBaluchonTests */,
				2BC5B4FD287DF064003BC4E2 /* LeBaluchonUITests */,
			);
		};
/* End PBXProject section */

/* Begin PBXResourcesBuildPhase section */
		2BC5B4E2287DF061003BC4E2 /* Resources */ = {
			isa = PBXResourcesBuildPhase;
			buildActionMask = 2147483647;
			files = (
				2BC5B4EF287DF064003BC4E2 /* Preview Assets.xcassets in Resources */,
				2BC5B4EC287DF064003BC4E2 /* Assets.xcassets in Resources */,
			);
			runOnlyForDeploymentPostprocessing = 0;
		};
		2BC5B4F2287DF064003BC4E2 /* Resources */ = {
			isa = PBXResourcesBuildPhase;
			buildActionMask = 2147483647;
			files = (
			);
			runOnlyForDeploymentPostprocessing = 0;
		};
		2BC5B4FC287DF064003BC4E2 /* Resources */ = {
			isa = PBXResourcesBuildPhase;
			buildActionMask = 2147483647;
			files = (
			);
			runOnlyForDeploymentPostprocessing = 0;
		};
/* End PBXResourcesBuildPhase section */

/* Begin PBXSourcesBuildPhase section */
		2BC5B4E0287DF061003BC4E2 /* Sources */ = {
			isa = PBXSourcesBuildPhase;
			buildActionMask = 2147483647;
			files = (
				2B2F0958288446400013E438 /* ApiConstants.swift in Sources */,
				2B2F094E288417EC0013E438 /* AppTabBarView.swift in Sources */,
				2BC5B4EA287DF061003BC4E2 /* WeatherView.swift in Sources */,
				2B5C692C288052E500593690 /* WeatherRowView.swift in Sources */,
				2BC5B51E287E0190003BC4E2 /* Weather.swift in Sources */,
				2BC5B521287E05F9003BC4E2 /* WeatherViewModel.swift in Sources */,
				2B2F094C2882D9560013E438 /* TabBarView.swift in Sources */,
				2B2F095328842DBB0013E438 /* AppTabBarContainerView.swift in Sources */,
				2B2F095128841B670013E438 /* TabBarItem.swift in Sources */,
				2BC5B4E8287DF061003BC4E2 /* LeBaluchonApp.swift in Sources */,
				2B2F09552884309F0013E438 /* TabBarItemsPreferenceKey.swift in Sources */,
			);
			runOnlyForDeploymentPostprocessing = 0;
		};
		2BC5B4F0287DF064003BC4E2 /* Sources */ = {
			isa = PBXSourcesBuildPhase;
			buildActionMask = 2147483647;
			files = (
				2BC5B522287E05F9003BC4E2 /* WeatherViewModel.swift in Sources */,
				2BC5B51F287E0190003BC4E2 /* Weather.swift in Sources */,
				2BC5B4F9287DF064003BC4E2 /* LeBaluchonTests.swift in Sources */,
			);
			runOnlyForDeploymentPostprocessing = 0;
		};
		2BC5B4FA287DF064003BC4E2 /* Sources */ = {
			isa = PBXSourcesBuildPhase;
			buildActionMask = 2147483647;
			files = (
				2BC5B503287DF064003BC4E2 /* LeBaluchonUITests.swift in Sources */,
				2BC5B505287DF064003BC4E2 /* LeBaluchonUITestsLaunchTests.swift in Sources */,
			);
			runOnlyForDeploymentPostprocessing = 0;
		};
/* End PBXSourcesBuildPhase section */

/* Begin PBXTargetDependency section */
		2BC5B4F6287DF064003BC4E2 /* PBXTargetDependency */ = {
			isa = PBXTargetDependency;
			target = 2BC5B4E3287DF061003BC4E2 /* LeBaluchon */;
			targetProxy = 2BC5B4F5287DF064003BC4E2 /* PBXContainerItemProxy */;
		};
		2BC5B500287DF064003BC4E2 /* PBXTargetDependency */ = {
			isa = PBXTargetDependency;
			target = 2BC5B4E3287DF061003BC4E2 /* LeBaluchon */;
			targetProxy = 2BC5B4FF287DF064003BC4E2 /* PBXContainerItemProxy */;
		};
/* End PBXTargetDependency section */

/* Begin XCBuildConfiguration section */
		2BC5B506287DF064003BC4E2 /* Debug */ = {
			isa = XCBuildConfiguration;
			buildSettings = {
				ALWAYS_SEARCH_USER_PATHS = NO;
				CLANG_ANALYZER_NONNULL = YES;
				CLANG_ANALYZER_NUMBER_OBJECT_CONVERSION = YES_AGGRESSIVE;
				CLANG_CXX_LANGUAGE_STANDARD = "gnu++17";
				CLANG_ENABLE_MODULES = YES;
				CLANG_ENABLE_OBJC_ARC = YES;
				CLANG_ENABLE_OBJC_WEAK = YES;
				CLANG_WARN_BLOCK_CAPTURE_AUTORELEASING = YES;
				CLANG_WARN_BOOL_CONVERSION = YES;
				CLANG_WARN_COMMA = YES;
				CLANG_WARN_CONSTANT_CONVERSION = YES;
				CLANG_WARN_DEPRECATED_OBJC_IMPLEMENTATIONS = YES;
				CLANG_WARN_DIRECT_OBJC_ISA_USAGE = YES_ERROR;
				CLANG_WARN_DOCUMENTATION_COMMENTS = YES;
				CLANG_WARN_EMPTY_BODY = YES;
				CLANG_WARN_ENUM_CONVERSION = YES;
				CLANG_WARN_INFINITE_RECURSION = YES;
				CLANG_WARN_INT_CONVERSION = YES;
				CLANG_WARN_NON_LITERAL_NULL_CONVERSION = YES;
				CLANG_WARN_OBJC_IMPLICIT_RETAIN_SELF = YES;
				CLANG_WARN_OBJC_LITERAL_CONVERSION = YES;
				CLANG_WARN_OBJC_ROOT_CLASS = YES_ERROR;
				CLANG_WARN_QUOTED_INCLUDE_IN_FRAMEWORK_HEADER = YES;
				CLANG_WARN_RANGE_LOOP_ANALYSIS = YES;
				CLANG_WARN_STRICT_PROTOTYPES = YES;
				CLANG_WARN_SUSPICIOUS_MOVE = YES;
				CLANG_WARN_UNGUARDED_AVAILABILITY = YES_AGGRESSIVE;
				CLANG_WARN_UNREACHABLE_CODE = YES;
				CLANG_WARN__DUPLICATE_METHOD_MATCH = YES;
				COPY_PHASE_STRIP = NO;
				DEBUG_INFORMATION_FORMAT = dwarf;
				ENABLE_STRICT_OBJC_MSGSEND = YES;
				ENABLE_TESTABILITY = YES;
				GCC_C_LANGUAGE_STANDARD = gnu11;
				GCC_DYNAMIC_NO_PIC = NO;
				GCC_NO_COMMON_BLOCKS = YES;
				GCC_OPTIMIZATION_LEVEL = 0;
				GCC_PREPROCESSOR_DEFINITIONS = (
					"DEBUG=1",
					"$(inherited)",
				);
				GCC_WARN_64_TO_32_BIT_CONVERSION = YES;
				GCC_WARN_ABOUT_RETURN_TYPE = YES_ERROR;
				GCC_WARN_UNDECLARED_SELECTOR = YES;
				GCC_WARN_UNINITIALIZED_AUTOS = YES_AGGRESSIVE;
				GCC_WARN_UNUSED_FUNCTION = YES;
				GCC_WARN_UNUSED_VARIABLE = YES;
				IPHONEOS_DEPLOYMENT_TARGET = 15.5;
				MTL_ENABLE_DEBUG_INFO = INCLUDE_SOURCE;
				MTL_FAST_MATH = YES;
				ONLY_ACTIVE_ARCH = YES;
				SDKROOT = iphoneos;
				SWIFT_ACTIVE_COMPILATION_CONDITIONS = DEBUG;
				SWIFT_OPTIMIZATION_LEVEL = "-Onone";
			};
			name = Debug;
		};
		2BC5B507287DF064003BC4E2 /* Release */ = {
			isa = XCBuildConfiguration;
			buildSettings = {
				ALWAYS_SEARCH_USER_PATHS = NO;
				CLANG_ANALYZER_NONNULL = YES;
				CLANG_ANALYZER_NUMBER_OBJECT_CONVERSION = YES_AGGRESSIVE;
				CLANG_CXX_LANGUAGE_STANDARD = "gnu++17";
				CLANG_ENABLE_MODULES = YES;
				CLANG_ENABLE_OBJC_ARC = YES;
				CLANG_ENABLE_OBJC_WEAK = YES;
				CLANG_WARN_BLOCK_CAPTURE_AUTORELEASING = YES;
				CLANG_WARN_BOOL_CONVERSION = YES;
				CLANG_WARN_COMMA = YES;
				CLANG_WARN_CONSTANT_CONVERSION = YES;
				CLANG_WARN_DEPRECATED_OBJC_IMPLEMENTATIONS = YES;
				CLANG_WARN_DIRECT_OBJC_ISA_USAGE = YES_ERROR;
				CLANG_WARN_DOCUMENTATION_COMMENTS = YES;
				CLANG_WARN_EMPTY_BODY = YES;
				CLANG_WARN_ENUM_CONVERSION = YES;
				CLANG_WARN_INFINITE_RECURSION = YES;
				CLANG_WARN_INT_CONVERSION = YES;
				CLANG_WARN_NON_LITERAL_NULL_CONVERSION = YES;
				CLANG_WARN_OBJC_IMPLICIT_RETAIN_SELF = YES;
				CLANG_WARN_OBJC_LITERAL_CONVERSION = YES;
				CLANG_WARN_OBJC_ROOT_CLASS = YES_ERROR;
				CLANG_WARN_QUOTED_INCLUDE_IN_FRAMEWORK_HEADER = YES;
				CLANG_WARN_RANGE_LOOP_ANALYSIS = YES;
				CLANG_WARN_STRICT_PROTOTYPES = YES;
				CLANG_WARN_SUSPICIOUS_MOVE = YES;
				CLANG_WARN_UNGUARDED_AVAILABILITY = YES_AGGRESSIVE;
				CLANG_WARN_UNREACHABLE_CODE = YES;
				CLANG_WARN__DUPLICATE_METHOD_MATCH = YES;
				COPY_PHASE_STRIP = NO;
				DEBUG_INFORMATION_FORMAT = "dwarf-with-dsym";
				ENABLE_NS_ASSERTIONS = NO;
				ENABLE_STRICT_OBJC_MSGSEND = YES;
				GCC_C_LANGUAGE_STANDARD = gnu11;
				GCC_NO_COMMON_BLOCKS = YES;
				GCC_WARN_64_TO_32_BIT_CONVERSION = YES;
				GCC_WARN_ABOUT_RETURN_TYPE = YES_ERROR;
				GCC_WARN_UNDECLARED_SELECTOR = YES;
				GCC_WARN_UNINITIALIZED_AUTOS = YES_AGGRESSIVE;
				GCC_WARN_UNUSED_FUNCTION = YES;
				GCC_WARN_UNUSED_VARIABLE = YES;
				IPHONEOS_DEPLOYMENT_TARGET = 15.5;
				MTL_ENABLE_DEBUG_INFO = NO;
				MTL_FAST_MATH = YES;
				SDKROOT = iphoneos;
				SWIFT_COMPILATION_MODE = wholemodule;
				SWIFT_OPTIMIZATION_LEVEL = "-O";
				VALIDATE_PRODUCT = YES;
			};
			name = Release;
		};
		2BC5B509287DF064003BC4E2 /* Debug */ = {
			isa = XCBuildConfiguration;
			buildSettings = {
				ASSETCATALOG_COMPILER_APPICON_NAME = AppIcon;
				ASSETCATALOG_COMPILER_GLOBAL_ACCENT_COLOR_NAME = AccentColor;
				CODE_SIGN_STYLE = Automatic;
				CURRENT_PROJECT_VERSION = 1;
				DEVELOPMENT_ASSET_PATHS = "\"LeBaluchon/Preview Content\"";
				DEVELOPMENT_TEAM = 6268FDJSTY;
				ENABLE_PREVIEWS = YES;
				GENERATE_INFOPLIST_FILE = YES;
				INFOPLIST_KEY_UIApplicationSceneManifest_Generation = YES;
				INFOPLIST_KEY_UIApplicationSupportsIndirectInputEvents = YES;
				INFOPLIST_KEY_UILaunchScreen_Generation = YES;
				INFOPLIST_KEY_UISupportedInterfaceOrientations_iPad = "UIInterfaceOrientationPortrait UIInterfaceOrientationPortraitUpsideDown UIInterfaceOrientationLandscapeLeft UIInterfaceOrientationLandscapeRight";
				INFOPLIST_KEY_UISupportedInterfaceOrientations_iPhone = "UIInterfaceOrientationPortrait UIInterfaceOrientationLandscapeLeft UIInterfaceOrientationLandscapeRight";
				LD_RUNPATH_SEARCH_PATHS = (
					"$(inherited)",
					"@executable_path/Frameworks",
				);
				MARKETING_VERSION = 1.0;
				PRODUCT_BUNDLE_IDENTIFIER = com.mrsniikyz.LeBaluchon;
				PRODUCT_NAME = "$(TARGET_NAME)";
				SWIFT_EMIT_LOC_STRINGS = YES;
				SWIFT_VERSION = 5.0;
				TARGETED_DEVICE_FAMILY = "1,2";
			};
			name = Debug;
		};
		2BC5B50A287DF064003BC4E2 /* Release */ = {
			isa = XCBuildConfiguration;
			buildSettings = {
				ASSETCATALOG_COMPILER_APPICON_NAME = AppIcon;
				ASSETCATALOG_COMPILER_GLOBAL_ACCENT_COLOR_NAME = AccentColor;
				CODE_SIGN_STYLE = Automatic;
				CURRENT_PROJECT_VERSION = 1;
				DEVELOPMENT_ASSET_PATHS = "\"LeBaluchon/Preview Content\"";
				DEVELOPMENT_TEAM = 6268FDJSTY;
				ENABLE_PREVIEWS = YES;
				GENERATE_INFOPLIST_FILE = YES;
				INFOPLIST_KEY_UIApplicationSceneManifest_Generation = YES;
				INFOPLIST_KEY_UIApplicationSupportsIndirectInputEvents = YES;
				INFOPLIST_KEY_UILaunchScreen_Generation = YES;
				INFOPLIST_KEY_UISupportedInterfaceOrientations_iPad = "UIInterfaceOrientationPortrait UIInterfaceOrientationPortraitUpsideDown UIInterfaceOrientationLandscapeLeft UIInterfaceOrientationLandscapeRight";
				INFOPLIST_KEY_UISupportedInterfaceOrientations_iPhone = "UIInterfaceOrientationPortrait UIInterfaceOrientationLandscapeLeft UIInterfaceOrientationLandscapeRight";
				LD_RUNPATH_SEARCH_PATHS = (
					"$(inherited)",
					"@executable_path/Frameworks",
				);
				MARKETING_VERSION = 1.0;
				PRODUCT_BUNDLE_IDENTIFIER = com.mrsniikyz.LeBaluchon;
				PRODUCT_NAME = "$(TARGET_NAME)";
				SWIFT_EMIT_LOC_STRINGS = YES;
				SWIFT_VERSION = 5.0;
				TARGETED_DEVICE_FAMILY = "1,2";
			};
			name = Release;
		};
		2BC5B50C287DF064003BC4E2 /* Debug */ = {
			isa = XCBuildConfiguration;
			buildSettings = {
				ALWAYS_EMBED_SWIFT_STANDARD_LIBRARIES = YES;
				BUNDLE_LOADER = "$(TEST_HOST)";
				CODE_SIGN_STYLE = Automatic;
				CURRENT_PROJECT_VERSION = 1;
				DEVELOPMENT_TEAM = 6268FDJSTY;
				GENERATE_INFOPLIST_FILE = YES;
				IPHONEOS_DEPLOYMENT_TARGET = 15.5;
				MARKETING_VERSION = 1.0;
				PRODUCT_BUNDLE_IDENTIFIER = com.mrsniikyz.LeBaluchonTests;
				PRODUCT_NAME = "$(TARGET_NAME)";
				SWIFT_EMIT_LOC_STRINGS = NO;
				SWIFT_VERSION = 5.0;
				TARGETED_DEVICE_FAMILY = "1,2";
				TEST_HOST = "$(BUILT_PRODUCTS_DIR)/LeBaluchon.app/LeBaluchon";
			};
			name = Debug;
		};
		2BC5B50D287DF064003BC4E2 /* Release */ = {
			isa = XCBuildConfiguration;
			buildSettings = {
				ALWAYS_EMBED_SWIFT_STANDARD_LIBRARIES = YES;
				BUNDLE_LOADER = "$(TEST_HOST)";
				CODE_SIGN_STYLE = Automatic;
				CURRENT_PROJECT_VERSION = 1;
				DEVELOPMENT_TEAM = 6268FDJSTY;
				GENERATE_INFOPLIST_FILE = YES;
				IPHONEOS_DEPLOYMENT_TARGET = 15.5;
				MARKETING_VERSION = 1.0;
				PRODUCT_BUNDLE_IDENTIFIER = com.mrsniikyz.LeBaluchonTests;
				PRODUCT_NAME = "$(TARGET_NAME)";
				SWIFT_EMIT_LOC_STRINGS = NO;
				SWIFT_VERSION = 5.0;
				TARGETED_DEVICE_FAMILY = "1,2";
				TEST_HOST = "$(BUILT_PRODUCTS_DIR)/LeBaluchon.app/LeBaluchon";
			};
			name = Release;
		};
		2BC5B50F287DF064003BC4E2 /* Debug */ = {
			isa = XCBuildConfiguration;
			buildSettings = {
				ALWAYS_EMBED_SWIFT_STANDARD_LIBRARIES = YES;
				CODE_SIGN_STYLE = Automatic;
				CURRENT_PROJECT_VERSION = 1;
				DEVELOPMENT_TEAM = 6268FDJSTY;
				GENERATE_INFOPLIST_FILE = YES;
				MARKETING_VERSION = 1.0;
				PRODUCT_BUNDLE_IDENTIFIER = com.mrsniikyz.LeBaluchonUITests;
				PRODUCT_NAME = "$(TARGET_NAME)";
				SWIFT_EMIT_LOC_STRINGS = NO;
				SWIFT_VERSION = 5.0;
				TARGETED_DEVICE_FAMILY = "1,2";
				TEST_TARGET_NAME = LeBaluchon;
			};
			name = Debug;
		};
		2BC5B510287DF064003BC4E2 /* Release */ = {
			isa = XCBuildConfiguration;
			buildSettings = {
				ALWAYS_EMBED_SWIFT_STANDARD_LIBRARIES = YES;
				CODE_SIGN_STYLE = Automatic;
				CURRENT_PROJECT_VERSION = 1;
				DEVELOPMENT_TEAM = 6268FDJSTY;
				GENERATE_INFOPLIST_FILE = YES;
				MARKETING_VERSION = 1.0;
				PRODUCT_BUNDLE_IDENTIFIER = com.mrsniikyz.LeBaluchonUITests;
				PRODUCT_NAME = "$(TARGET_NAME)";
				SWIFT_EMIT_LOC_STRINGS = NO;
				SWIFT_VERSION = 5.0;
				TARGETED_DEVICE_FAMILY = "1,2";
				TEST_TARGET_NAME = LeBaluchon;
			};
			name = Release;
		};
/* End XCBuildConfiguration section */

/* Begin XCConfigurationList section */
		2BC5B4DF287DF061003BC4E2 /* Build configuration list for PBXProject "LeBaluchon" */ = {
			isa = XCConfigurationList;
			buildConfigurations = (
				2BC5B506287DF064003BC4E2 /* Debug */,
				2BC5B507287DF064003BC4E2 /* Release */,
			);
			defaultConfigurationIsVisible = 0;
			defaultConfigurationName = Release;
		};
		2BC5B508287DF064003BC4E2 /* Build configuration list for PBXNativeTarget "LeBaluchon" */ = {
			isa = XCConfigurationList;
			buildConfigurations = (
				2BC5B509287DF064003BC4E2 /* Debug */,
				2BC5B50A287DF064003BC4E2 /* Release */,
			);
			defaultConfigurationIsVisible = 0;
			defaultConfigurationName = Release;
		};
		2BC5B50B287DF064003BC4E2 /* Build configuration list for PBXNativeTarget "LeBaluchonTests" */ = {
			isa = XCConfigurationList;
			buildConfigurations = (
				2BC5B50C287DF064003BC4E2 /* Debug */,
				2BC5B50D287DF064003BC4E2 /* Release */,
			);
			defaultConfigurationIsVisible = 0;
			defaultConfigurationName = Release;
		};
		2BC5B50E287DF064003BC4E2 /* Build configuration list for PBXNativeTarget "LeBaluchonUITests" */ = {
			isa = XCConfigurationList;
			buildConfigurations = (
				2BC5B50F287DF064003BC4E2 /* Debug */,
				2BC5B510287DF064003BC4E2 /* Release */,
			);
			defaultConfigurationIsVisible = 0;
			defaultConfigurationName = Release;
		};
/* End XCConfigurationList section */
	};
	rootObject = 2BC5B4DC287DF061003BC4E2 /* Project object */;
}
